
Microsoft Visual Studio Solution File, Format Version 12.00
# Visual Studio Version 17
VisualStudioVersion = 17.13.35931.197
MinimumVisualStudioVersion = 10.0.40219.1
Project("{FAE04EC0-301F-11D3-BF4B-00C04F79EFBC}") = "AdmissionCommittee.App", "AdmissionCommittee.App.csproj", "{3CA1CE21-81A2-4899-B699-3861FB114883}"
EndProject
Project("{2150E333-8FDC-42A3-9474-1A3956D46DE8}") = "BL", "BL", "{36D591C7-65C7-A0D1-1CBC-10CDE441BDC8}"
EndProject
Project("{2150E333-8FDC-42A3-9474-1A3956D46DE8}") = "DAL", "DAL", "{32665BB4-CD5D-4E08-BDCE-86AF48F01191}"
EndProject
Project("{FAE04EC0-301F-11D3-BF4B-00C04F79EFBC}") = "AdmissionCommittee.Entities", "..\AdmissionCommittee.Entities\AdmissionCommittee.Entities.csproj", "{0989E389-69B1-4A75-BD21-4C03E22E2326}"
EndProject
Project("{FAE04EC0-301F-11D3-BF4B-00C04F79EFBC}") = "AdmissionCommittee.Services", "..\AdmissionCommittee.Services\AdmissionCommittee.Services.csproj", "{06FF950E-8E41-4B2F-AE70-205D2F054455}"
EndProject
Project("{FAE04EC0-301F-11D3-BF4B-00C04F79EFBC}") = "AdmissionCommittee.Services.Contracts", "..\AdmissionCommittee.Contracts\AdmissionCommittee.Services.Contracts.csproj", "{D3F58E09-4B2D-431D-B6F1-E12EB6A63F1A}"
EndProject
Project("{FAE04EC0-301F-11D3-BF4B-00C04F79EFBC}") = "AdmissionCommittee.Entities.Constants", "..\AdmissionCommittee.Entities.Constants\AdmissionCommittee.Entities.Constants.csproj", "{CAA59B0C-9AA9-4F24-8740-CBF261A92AA8}"
EndProject
Global
	GlobalSection(SolutionConfigurationPlatforms) = preSolution
		Debug|Any CPU = Debug|Any CPU
		Release|Any CPU = Release|Any CPU
	EndGlobalSection
	GlobalSection(ProjectConfigurationPlatforms) = postSolution
		{3CA1CE21-81A2-4899-B699-3861FB114883}.Debug|Any CPU.ActiveCfg = Debug|Any CPU
		{3CA1CE21-81A2-4899-B699-3861FB114883}.Debug|Any CPU.Build.0 = Debug|Any CPU
		{3CA1CE21-81A2-4899-B699-3861FB114883}.Release|Any CPU.ActiveCfg = Release|Any CPU
		{3CA1CE21-81A2-4899-B699-3861FB114883}.Release|Any CPU.Build.0 = Release|Any CPU
		{0989E389-69B1-4A75-BD21-4C03E22E2326}.Debug|Any CPU.ActiveCfg = Debug|Any CPU
		{0989E389-69B1-4A75-BD21-4C03E22E2326}.Debug|Any CPU.Build.0 = Debug|Any CPU
		{0989E389-69B1-4A75-BD21-4C03E22E2326}.Release|Any CPU.ActiveCfg = Release|Any CPU
		{0989E389-69B1-4A75-BD21-4C03E22E2326}.Release|Any CPU.Build.0 = Release|Any CPU
		{06FF950E-8E41-4B2F-AE70-205D2F054455}.Debug|Any CPU.ActiveCfg = Debug|Any CPU
		{06FF950E-8E41-4B2F-AE70-205D2F054455}.Debug|Any CPU.Build.0 = Debug|Any CPU
		{06FF950E-8E41-4B2F-AE70-205D2F054455}.Release|Any CPU.ActiveCfg = Release|Any CPU
		{06FF950E-8E41-4B2F-AE70-205D2F054455}.Release|Any CPU.Build.0 = Release|Any CPU
		{D3F58E09-4B2D-431D-B6F1-E12EB6A63F1A}.Debug|Any CPU.ActiveCfg = Debug|Any CPU
		{D3F58E09-4B2D-431D-B6F1-E12EB6A63F1A}.Debug|Any CPU.Build.0 = Debug|Any CPU
		{D3F58E09-4B2D-431D-B6F1-E12EB6A63F1A}.Release|Any CPU.ActiveCfg = Release|Any CPU
		{D3F58E09-4B2D-431D-B6F1-E12EB6A63F1A}.Release|Any CPU.Build.0 = Release|Any CPU
		{CAA59B0C-9AA9-4F24-8740-CBF261A92AA8}.Debug|Any CPU.ActiveCfg = Debug|Any CPU
		{CAA59B0C-9AA9-4F24-8740-CBF261A92AA8}.Debug|Any CPU.Build.0 = Debug|Any CPU
		{CAA59B0C-9AA9-4F24-8740-CBF261A92AA8}.Release|Any CPU.ActiveCfg = Release|Any CPU
		{CAA59B0C-9AA9-4F24-8740-CBF261A92AA8}.Release|Any CPU.Build.0 = Release|Any CPU
	EndGlobalSection
	GlobalSection(SolutionProperties) = preSolution
		HideSolutionNode = FALSE
	EndGlobalSection
	GlobalSection(NestedProjects) = preSolution
		{0989E389-69B1-4A75-BD21-4C03E22E2326} = {32665BB4-CD5D-4E08-BDCE-86AF48F01191}
		{06FF950E-8E41-4B2F-AE70-205D2F054455} = {36D591C7-65C7-A0D1-1CBC-10CDE441BDC8}
		{D3F58E09-4B2D-431D-B6F1-E12EB6A63F1A} = {36D591C7-65C7-A0D1-1CBC-10CDE441BDC8}
		{CAA59B0C-9AA9-4F24-8740-CBF261A92AA8} = {32665BB4-CD5D-4E08-BDCE-86AF48F01191}
	EndGlobalSection
	GlobalSection(ExtensibilityGlobals) = postSolution
		SolutionGuid = {CB645BA7-7A53-498B-AA8C-4BA728DAF00D}
	EndGlobalSection
EndGlobal
